
Microsoft Visual Studio Solution File, Format Version 12.00
# Visual Studio Version 17
VisualStudioVersion = 17.3.32901.215
MinimumVisualStudioVersion = 10.0.40219.1
Project("{FAE04EC0-301F-11D3-BF4B-00C04F79EFBC}") = "BankBrasilApi", "BankBrasilApi.csproj", "{1F7841C9-947C-450D-AE42-B37A2233EA43}"
EndProject
Global
	GlobalSection(SolutionConfigurationPlatforms) = preSolution
		Debug|Any CPU = Debug|Any CPU
		Release|Any CPU = Release|Any CPU
	EndGlobalSection
	GlobalSection(ProjectConfigurationPlatforms) = postSolution
		{1F7841C9-947C-450D-AE42-B37A2233EA43}.Debug|Any CPU.ActiveCfg = Debug|Any CPU
		{1F7841C9-947C-450D-AE42-B37A2233EA43}.Debug|Any CPU.Build.0 = Debug|Any CPU
		{1F7841C9-947C-450D-AE42-B37A2233EA43}.Release|Any CPU.ActiveCfg = Release|Any CPU
		{1F7841C9-947C-450D-AE42-B37A2233EA43}.Release|Any CPU.Build.0 = Release|Any CPU
	EndGlobalSection
	GlobalSection(SolutionProperties) = preSolution
		HideSolutionNode = FALSE
	EndGlobalSection
	GlobalSection(ExtensibilityGlobals) = postSolution
		SolutionGuid = {B76AB573-077C-4F40-BAEF-08D2B73972A2}
	EndGlobalSection
EndGlobal
